
Microsoft Visual Studio Solution File, Format Version 12.00
# Visual Studio Version 16
VisualStudioVersion = 16.0.29613.14
MinimumVisualStudioVersion = 10.0.40219.1
Project("{9A19103F-16F7-4668-BE54-9A1E7A4F7556}") = "VintageCars.Web", "VintageCars.Web\VintageCars.Web.csproj", "{9761A36F-8E75-4A3D-AB91-F2853112E1D9}"
EndProject
Project("{FAE04EC0-301F-11D3-BF4B-00C04F79EFBC}") = "VintageCars.Data", "VintageCars.Data\VintageCars.Data.csproj", "{59B89E6E-EBC2-4028-B228-48AE3B5F6648}"
EndProject
Project("{FAE04EC0-301F-11D3-BF4B-00C04F79EFBC}") = "VintageCars.Domain", "VintageCars.Domain\VintageCars.Domain.csproj", "{00D91B23-61F6-4C1F-9CC9-0DE474D99679}"
EndProject
Project("{FAE04EC0-301F-11D3-BF4B-00C04F79EFBC}") = "VintageCars.Service", "VintageCars.Service\VintageCars.Service.csproj", "{5D1AD562-5C5A-4983-BA2C-5CA3C90232E9}"
EndProject
Global
	GlobalSection(SolutionConfigurationPlatforms) = preSolution
		Debug|Any CPU = Debug|Any CPU
		Release|Any CPU = Release|Any CPU
	EndGlobalSection
	GlobalSection(ProjectConfigurationPlatforms) = postSolution
		{9761A36F-8E75-4A3D-AB91-F2853112E1D9}.Debug|Any CPU.ActiveCfg = Debug|Any CPU
		{9761A36F-8E75-4A3D-AB91-F2853112E1D9}.Debug|Any CPU.Build.0 = Debug|Any CPU
		{9761A36F-8E75-4A3D-AB91-F2853112E1D9}.Release|Any CPU.ActiveCfg = Release|Any CPU
		{9761A36F-8E75-4A3D-AB91-F2853112E1D9}.Release|Any CPU.Build.0 = Release|Any CPU
		{59B89E6E-EBC2-4028-B228-48AE3B5F6648}.Debug|Any CPU.ActiveCfg = Debug|Any CPU
		{59B89E6E-EBC2-4028-B228-48AE3B5F6648}.Debug|Any CPU.Build.0 = Debug|Any CPU
		{59B89E6E-EBC2-4028-B228-48AE3B5F6648}.Release|Any CPU.ActiveCfg = Release|Any CPU
		{59B89E6E-EBC2-4028-B228-48AE3B5F6648}.Release|Any CPU.Build.0 = Release|Any CPU
		{00D91B23-61F6-4C1F-9CC9-0DE474D99679}.Debug|Any CPU.ActiveCfg = Debug|Any CPU
		{00D91B23-61F6-4C1F-9CC9-0DE474D99679}.Debug|Any CPU.Build.0 = Debug|Any CPU
		{00D91B23-61F6-4C1F-9CC9-0DE474D99679}.Release|Any CPU.ActiveCfg = Release|Any CPU
		{00D91B23-61F6-4C1F-9CC9-0DE474D99679}.Release|Any CPU.Build.0 = Release|Any CPU
		{5D1AD562-5C5A-4983-BA2C-5CA3C90232E9}.Debug|Any CPU.ActiveCfg = Debug|Any CPU
		{5D1AD562-5C5A-4983-BA2C-5CA3C90232E9}.Debug|Any CPU.Build.0 = Debug|Any CPU
		{5D1AD562-5C5A-4983-BA2C-5CA3C90232E9}.Release|Any CPU.ActiveCfg = Release|Any CPU
		{5D1AD562-5C5A-4983-BA2C-5CA3C90232E9}.Release|Any CPU.Build.0 = Release|Any CPU
	EndGlobalSection
	GlobalSection(SolutionProperties) = preSolution
		HideSolutionNode = FALSE
	EndGlobalSection
	GlobalSection(ExtensibilityGlobals) = postSolution
		SolutionGuid = {3F5D7D96-8C94-4A32-AB43-50C09C39B4A9}
	EndGlobalSection
EndGlobal
